
Microsoft Visual Studio Solution File, Format Version 12.00
Project("{FAE04EC0-301F-11D3-BF4B-00C04F79EFBC}") = "MediatR.Contracts.CQRS", "MediatR.Contracts.CQRS\MediatR.Contracts.CQRS.csproj", "{39C4E406-9CA9-4539-A7DF-5FED030C3F1D}"
EndProject
Project("{2150E333-8FDC-42A3-9474-1A3956D46DE8}") = "src", "src", "{2223235D-836A-4299-B885-A5A7ED9A50C6}"
EndProject
Global
	GlobalSection(SolutionConfigurationPlatforms) = preSolution
		Debug|Any CPU = Debug|Any CPU
		Release|Any CPU = Release|Any CPU
	EndGlobalSection
	GlobalSection(ProjectConfigurationPlatforms) = postSolution
		{39C4E406-9CA9-4539-A7DF-5FED030C3F1D}.Debug|Any CPU.ActiveCfg = Debug|Any CPU
		{39C4E406-9CA9-4539-A7DF-5FED030C3F1D}.Debug|Any CPU.Build.0 = Debug|Any CPU
		{39C4E406-9CA9-4539-A7DF-5FED030C3F1D}.Release|Any CPU.ActiveCfg = Release|Any CPU
		{39C4E406-9CA9-4539-A7DF-5FED030C3F1D}.Release|Any CPU.Build.0 = Release|Any CPU
	EndGlobalSection
	GlobalSection(NestedProjects) = preSolution
		{39C4E406-9CA9-4539-A7DF-5FED030C3F1D} = {2223235D-836A-4299-B885-A5A7ED9A50C6}
	EndGlobalSection
EndGlobal
